// !$*UTF8*$!
{
	archiveVersion = 1;
	classes = {
	};
	objectVersion = 77;
	objects = {

/* Begin PBXBuildFile section */
		7571A5CD2F359CD500CD7E3F /* ShareExtension.appex in Embed Foundation Extensions */ = {isa = PBXBuildFile; fileRef = 7571A5C32F359CD500CD7E3F /* ShareExtension.appex */; settings = {ATTRIBUTES = (RemoveHeadersOnCopy, ); }; };
		F361F8462F3D1CBD00FFE720 /* DesignSystem in Frameworks */ = {isa = PBXBuildFile; productRef = F361F8452F3D1CBD00FFE720 /* DesignSystem */; };
		F361F8482F3D1CC200FFE720 /* DesignSystem in Frameworks */ = {isa = PBXBuildFile; productRef = F361F8472F3D1CC200FFE720 /* DesignSystem */; };
		F3DBABAF2F238C8F009D1CC2 /* ClickStickKit in Frameworks */ = {isa = PBXBuildFile; productRef = F3DBABAE2F238C8F009D1CC2 /* ClickStickKit */; };
		F3EA2B8C2F3B1BCB001070A5 /* ClickStickKit in Frameworks */ = {isa = PBXBuildFile; productRef = F3EA2B8B2F3B1BCB001070A5 /* ClickStickKit */; };
/* End PBXBuildFile section */

/* Begin PBXContainerItemProxy section */
		7571A5CB2F359CD500CD7E3F /* PBXContainerItemProxy */ = {
			isa = PBXContainerItemProxy;
			containerPortal = F3F4AC5F2F21670600158155 /* Project object */;
			proxyType = 1;
			remoteGlobalIDString = 7571A5C22F359CD500CD7E3F;
			remoteInfo = ShareExtension;
		};
		F32A27292F2CD9D400766586 /* PBXContainerItemProxy */ = {
			isa = PBXContainerItemProxy;
			containerPortal = F3F4AC5F2F21670600158155 /* Project object */;
			proxyType = 1;
			remoteGlobalIDString = F3F4AC662F21670600158155;
			remoteInfo = ClickStick;
		};
/* End PBXContainerItemProxy section */

/* Begin PBXCopyFilesBuildPhase section */
		7571A5D22F359CD500CD7E3F /* Embed Foundation Extensions */ = {
			isa = PBXCopyFilesBuildPhase;
			buildActionMask = 2147483647;
			dstPath = "";
			dstSubfolderSpec = 13;
			files = (
				7571A5CD2F359CD500CD7E3F /* ShareExtension.appex in Embed Foundation Extensions */,
			);
			name = "Embed Foundation Extensions";
			runOnlyForDeploymentPostprocessing = 0;
		};
/* End PBXCopyFilesBuildPhase section */

/* Begin PBXFileReference section */
		7571A5C32F359CD500CD7E3F /* ShareExtension.appex */ = {isa = PBXFileReference; explicitFileType = "wrapper.app-extension"; includeInIndex = 0; path = ShareExtension.appex; sourceTree = BUILT_PRODUCTS_DIR; };
		F32A27252F2CD9D300766586 /* Tests.xctest */ = {isa = PBXFileReference; explicitFileType = wrapper.cfbundle; includeInIndex = 0; path = Tests.xctest; sourceTree = BUILT_PRODUCTS_DIR; };
		F361F8442F3D1C8900FFE720 /* DesignSystem */ = {isa = PBXFileReference; lastKnownFileType = wrapper; path = DesignSystem; sourceTree = "<group>"; };
		F3DBABAD2F238C88009D1CC2 /* ClickStickKit */ = {isa = PBXFileReference; lastKnownFileType = wrapper; path = ClickStickKit; sourceTree = "<group>"; };
		F3F4AC672F21670600158155 /* ClickStick.app */ = {isa = PBXFileReference; explicitFileType = wrapper.application; includeInIndex = 0; path = ClickStick.app; sourceTree = BUILT_PRODUCTS_DIR; };
		F3F4ACAA2F42000000158155 /* Config.xcconfig */ = {isa = PBXFileReference; lastKnownFileType = text.xcconfig; path = Config.xcconfig; sourceTree = "<group>"; };
/* End PBXFileReference section */

/* Begin PBXFileSystemSynchronizedBuildFileExceptionSet section */
		7571A5D12F359CD500CD7E3F /* Exceptions for "ShareExtension" folder in "ShareExtension" target */ = {
			isa = PBXFileSystemSynchronizedBuildFileExceptionSet;
			membershipExceptions = (
				Info.plist,
			);
			target = 7571A5C22F359CD500CD7E3F /* ShareExtension */;
		};
		F32AF7752F2A4FC400766586 /* Exceptions for "ClickStick" folder in "ClickStick" target */ = {
			isa = PBXFileSystemSynchronizedBuildFileExceptionSet;
			membershipExceptions = (
				Info.plist,
			);
			target = F3F4AC662F21670600158155 /* ClickStick */;
		};
		F3EA2B8E2F3B1BD8001070A5 /* Exceptions for "ClickStick" folder in "ShareExtension" target */ = {
			isa = PBXFileSystemSynchronizedBuildFileExceptionSet;
			membershipExceptions = (
				Features/DeviceList/Models/DeviceModel.swift,
				Shared/Components/TypeTextContentView.swift,
				Shared/Components/TypeTextViewModel.swift,
				Shared/Models/TypingSpeed.swift,
				Shared/Services/PremiumService.swift,
			);
			target = 7571A5C22F359CD500CD7E3F /* ShareExtension */;
		};
/* End PBXFileSystemSynchronizedBuildFileExceptionSet section */

/* Begin PBXFileSystemSynchronizedRootGroup section */
		7571A5C42F359CD500CD7E3F /* ShareExtension */ = {
			isa = PBXFileSystemSynchronizedRootGroup;
			exceptions = (
				7571A5D12F359CD500CD7E3F /* Exceptions for "ShareExtension" folder in "ShareExtension" target */,
			);
			path = ShareExtension;
			sourceTree = "<group>";
		};
		F32A27262F2CD9D400766586 /* Tests */ = {
			isa = PBXFileSystemSynchronizedRootGroup;
			path = Tests;
			sourceTree = "<group>";
		};
		F3F4AC692F21670600158155 /* ClickStick */ = {
			isa = PBXFileSystemSynchronizedRootGroup;
			exceptions = (
				F32AF7752F2A4FC400766586 /* Exceptions for "ClickStick" folder in "ClickStick" target */,
				F3EA2B8E2F3B1BD8001070A5 /* Exceptions for "ClickStick" folder in "ShareExtension" target */,
			);
			path = ClickStick;
			sourceTree = "<group>";
		};
/* End PBXFileSystemSynchronizedRootGroup section */

/* Begin PBXFrameworksBuildPhase section */
		7571A5C02F359CD500CD7E3F /* Frameworks */ = {
			isa = PBXFrameworksBuildPhase;
			buildActionMask = 2147483647;
			files = (
				F3EA2B8C2F3B1BCB001070A5 /* ClickStickKit in Frameworks */,
				F361F8482F3D1CC200FFE720 /* DesignSystem in Frameworks */,
			);
			runOnlyForDeploymentPostprocessing = 0;
		};
		F32A27222F2CD9D300766586 /* Frameworks */ = {
			isa = PBXFrameworksBuildPhase;
			buildActionMask = 2147483647;
			files = (
			);
			runOnlyForDeploymentPostprocessing = 0;
		};
		F3F4AC642F21670600158155 /* Frameworks */ = {
			isa = PBXFrameworksBuildPhase;
			buildActionMask = 2147483647;
			files = (
				F3DBABAF2F238C8F009D1CC2 /* ClickStickKit in Frameworks */,
				F361F8462F3D1CBD00FFE720 /* DesignSystem in Frameworks */,
			);
			runOnlyForDeploymentPostprocessing = 0;
		};
/* End PBXFrameworksBuildPhase section */

/* Begin PBXGroup section */
		F3F4AC5E2F21670600158155 = {
			isa = PBXGroup;
			children = (
				F3F4ACAA2F42000000158155 /* Config.xcconfig */,
				F3DBABAD2F238C88009D1CC2 /* ClickStickKit */,
				F361F8442F3D1C8900FFE720 /* DesignSystem */,
				F3F4AC692F21670600158155 /* ClickStick */,
				F32A27262F2CD9D400766586 /* Tests */,
				7571A5C42F359CD500CD7E3F /* ShareExtension */,
				F3F4ACA12F22143F00158155 /* Frameworks */,
				F3F4AC682F21670600158155 /* Products */,
			);
			sourceTree = "<group>";
		};
		F3F4AC682F21670600158155 /* Products */ = {
			isa = PBXGroup;
			children = (
				F3F4AC672F21670600158155 /* ClickStick.app */,
				F32A27252F2CD9D300766586 /* Tests.xctest */,
				7571A5C32F359CD500CD7E3F /* ShareExtension.appex */,
			);
			name = Products;
			sourceTree = "<group>";
		};
		F3F4ACA12F22143F00158155 /* Frameworks */ = {
			isa = PBXGroup;
			children = (
			);
			name = Frameworks;
			sourceTree = "<group>";
		};
/* End PBXGroup section */

/* Begin PBXNativeTarget section */
		7571A5C22F359CD500CD7E3F /* ShareExtension */ = {
			isa = PBXNativeTarget;
			buildConfigurationList = 7571A5CE2F359CD500CD7E3F /* Build configuration list for PBXNativeTarget "ShareExtension" */;
			buildPhases = (
				7571A5BF2F359CD500CD7E3F /* Sources */,
				7571A5C02F359CD500CD7E3F /* Frameworks */,
				7571A5C12F359CD500CD7E3F /* Resources */,
			);
			buildRules = (
			);
			dependencies = (
			);
			fileSystemSynchronizedGroups = (
				7571A5C42F359CD500CD7E3F /* ShareExtension */,
			);
			name = ShareExtension;
			packageProductDependencies = (
				F3EA2B8B2F3B1BCB001070A5 /* ClickStickKit */,
				F361F8472F3D1CC200FFE720 /* DesignSystem */,
			);
			productName = ShareExtension;
			productReference = 7571A5C32F359CD500CD7E3F /* ShareExtension.appex */;
			productType = "com.apple.product-type.app-extension";
		};
		F32A27242F2CD9D300766586 /* Tests */ = {
			isa = PBXNativeTarget;
			buildConfigurationList = F32A272D2F2CD9D400766586 /* Build configuration list for PBXNativeTarget "Tests" */;
			buildPhases = (
				F32A27212F2CD9D300766586 /* Sources */,
				F32A27222F2CD9D300766586 /* Frameworks */,
				F32A27232F2CD9D300766586 /* Resources */,
			);
			buildRules = (
			);
			dependencies = (
				F32A272A2F2CD9D400766586 /* PBXTargetDependency */,
			);
			fileSystemSynchronizedGroups = (
				F32A27262F2CD9D400766586 /* Tests */,
			);
			name = Tests;
			packageProductDependencies = (
			);
			productName = Tests;
			productReference = F32A27252F2CD9D300766586 /* Tests.xctest */;
			productType = "com.apple.product-type.bundle.unit-test";
		};
		F3F4AC662F21670600158155 /* ClickStick */ = {
			isa = PBXNativeTarget;
			buildConfigurationList = F3F4AC722F21670800158155 /* Build configuration list for PBXNativeTarget "ClickStick" */;
			buildPhases = (
				F3F4AC632F21670600158155 /* Sources */,
				F3F4AC642F21670600158155 /* Frameworks */,
				F3F4AC652F21670600158155 /* Resources */,
				7571A5D22F359CD500CD7E3F /* Embed Foundation Extensions */,
			);
			buildRules = (
			);
			dependencies = (
				7571A5CC2F359CD500CD7E3F /* PBXTargetDependency */,
			);
			fileSystemSynchronizedGroups = (
				F3F4AC692F21670600158155 /* ClickStick */,
			);
			name = ClickStick;
			packageProductDependencies = (
				F3DBABAE2F238C8F009D1CC2 /* ClickStickKit */,
				F361F8452F3D1CBD00FFE720 /* DesignSystem */,
			);
			productName = ClickStick;
			productReference = F3F4AC672F21670600158155 /* ClickStick.app */;
			productType = "com.apple.product-type.application";
		};
/* End PBXNativeTarget section */

/* Begin PBXProject section */
		F3F4AC5F2F21670600158155 /* Project object */ = {
			isa = PBXProject;
			attributes = {
				BuildIndependentTargetsInParallel = 1;
				LastSwiftUpdateCheck = 1640;
				LastUpgradeCheck = 2620;
				TargetAttributes = {
					7571A5C22F359CD500CD7E3F = {
						CreatedOnToolsVersion = 16.4;
					};
					F32A27242F2CD9D300766586 = {
						CreatedOnToolsVersion = 26.2;
						TestTargetID = F3F4AC662F21670600158155;
					};
					F3F4AC662F21670600158155 = {
						CreatedOnToolsVersion = 26.2;
					};
				};
			};
			buildConfigurationList = F3F4AC622F21670600158155 /* Build configuration list for PBXProject "ClickStick" */;
			developmentRegion = en;
			hasScannedForEncodings = 0;
			knownRegions = (
				en,
				Base,
				sk,
				de,
				cs,
				es,
				ja,
				fr,
				"pt-BR",
				pl,
			);
			mainGroup = F3F4AC5E2F21670600158155;
			minimizedProjectReferenceProxies = 1;
			packageReferences = (
				F3DBABB02F238D3A009D1CC2 /* XCLocalSwiftPackageReference "ClickStickKit" */,
				F361F8492F3D1E0400FFE720 /* XCLocalSwiftPackageReference "DesignSystem" */,
			);
			preferredProjectObjectVersion = 77;
			productRefGroup = F3F4AC682F21670600158155 /* Products */;
			projectDirPath = "";
			projectRoot = "";
			targets = (
				F3F4AC662F21670600158155 /* ClickStick */,
				F32A27242F2CD9D300766586 /* Tests */,
				7571A5C22F359CD500CD7E3F /* ShareExtension */,
			);
		};
/* End PBXProject section */

/* Begin PBXResourcesBuildPhase section */
		7571A5C12F359CD500CD7E3F /* Resources */ = {
			isa = PBXResourcesBuildPhase;
			buildActionMask = 2147483647;
			files = (
			);
			runOnlyForDeploymentPostprocessing = 0;
		};
		F32A27232F2CD9D300766586 /* Resources */ = {
			isa = PBXResourcesBuildPhase;
			buildActionMask = 2147483647;
			files = (
			);
			runOnlyForDeploymentPostprocessing = 0;
		};
		F3F4AC652F21670600158155 /* Resources */ = {
			isa = PBXResourcesBuildPhase;
			buildActionMask = 2147483647;
			files = (
			);
			runOnlyForDeploymentPostprocessing = 0;
		};
/* End PBXResourcesBuildPhase section */

/* Begin PBXSourcesBuildPhase section */
		7571A5BF2F359CD500CD7E3F /* Sources */ = {
			isa = PBXSourcesBuildPhase;
			buildActionMask = 2147483647;
			files = (
			);
			runOnlyForDeploymentPostprocessing = 0;
		};
		F32A27212F2CD9D300766586 /* Sources */ = {
			isa = PBXSourcesBuildPhase;
			buildActionMask = 2147483647;
			files = (
			);
			runOnlyForDeploymentPostprocessing = 0;
		};
		F3F4AC632F21670600158155 /* Sources */ = {
			isa = PBXSourcesBuildPhase;
			buildActionMask = 2147483647;
			files = (
			);
			runOnlyForDeploymentPostprocessing = 0;
		};
/* End PBXSourcesBuildPhase section */

/* Begin PBXTargetDependency section */
		7571A5CC2F359CD500CD7E3F /* PBXTargetDependency */ = {
			isa = PBXTargetDependency;
			target = 7571A5C22F359CD500CD7E3F /* ShareExtension */;
			targetProxy = 7571A5CB2F359CD500CD7E3F /* PBXContainerItemProxy */;
		};
		F32A272A2F2CD9D400766586 /* PBXTargetDependency */ = {
			isa = PBXTargetDependency;
			target = F3F4AC662F21670600158155 /* ClickStick */;
			targetProxy = F32A27292F2CD9D400766586 /* PBXContainerItemProxy */;
		};
/* End PBXTargetDependency section */

/* Begin XCBuildConfiguration section */
		7571A5CF2F359CD500CD7E3F /* Debug */ = {
			isa = XCBuildConfiguration;
			baseConfigurationReference = F3F4ACAA2F42000000158155 /* Config.xcconfig */;
			buildSettings = {
				CODE_SIGN_ENTITLEMENTS = ShareExtension/ShareExtension.entitlements;
				CODE_SIGN_STYLE = Automatic;
				DEVELOPMENT_TEAM = 84W4PHXS24;
				GENERATE_INFOPLIST_FILE = YES;
				INFOPLIST_FILE = ShareExtension/Info.plist;
				INFOPLIST_KEY_CFBundleDisplayName = ShareExtension;
				INFOPLIST_KEY_NSHumanReadableCopyright = "";
				IPHONEOS_DEPLOYMENT_TARGET = 17.0;
				LD_RUNPATH_SEARCH_PATHS = (
					"$(inherited)",
					"@executable_path/Frameworks",
					"@executable_path/../../Frameworks",
				);
				PRODUCT_BUNDLE_IDENTIFIER = io.clickstick.app.ShareExtension;
				PRODUCT_NAME = "$(TARGET_NAME)";
				SKIP_INSTALL = YES;
				SUPPORTED_PLATFORMS = "iphoneos iphonesimulator";
				SUPPORTS_MACCATALYST = YES;
				SWIFT_EMIT_LOC_STRINGS = YES;
				SWIFT_VERSION = 5.0;
				TARGETED_DEVICE_FAMILY = "1,2";
			};
			name = Debug;
		};
		7571A5D02F359CD500CD7E3F /* Release */ = {
			isa = XCBuildConfiguration;
			baseConfigurationReference = F3F4ACAA2F42000000158155 /* Config.xcconfig */;
			buildSettings = {
				CODE_SIGN_ENTITLEMENTS = ShareExtension/ShareExtension.entitlements;
				CODE_SIGN_STYLE = Automatic;
				DEVELOPMENT_TEAM = 84W4PHXS24;
				GENERATE_INFOPLIST_FILE = YES;
				INFOPLIST_FILE = ShareExtension/Info.plist;
				INFOPLIST_KEY_CFBundleDisplayName = ShareExtension;
				INFOPLIST_KEY_NSHumanReadableCopyright = "";
				IPHONEOS_DEPLOYMENT_TARGET = 17.0;
				LD_RUNPATH_SEARCH_PATHS = (
					"$(inherited)",
					"@executable_path/Frameworks",
					"@executable_path/../../Frameworks",
				);
				PRODUCT_BUNDLE_IDENTIFIER = io.clickstick.app.ShareExtension;
				PRODUCT_NAME = "$(TARGET_NAME)";
				SKIP_INSTALL = YES;
				SUPPORTED_PLATFORMS = "iphoneos iphonesimulator";
				SUPPORTS_MACCATALYST = YES;
				SWIFT_EMIT_LOC_STRINGS = YES;
				SWIFT_VERSION = 5.0;
				TARGETED_DEVICE_FAMILY = "1,2";
			};
			name = Release;
		};
		F32A272B2F2CD9D400766586 /* Debug */ = {
			isa = XCBuildConfiguration;
			baseConfigurationReference = F3F4ACAA2F42000000158155 /* Config.xcconfig */;
			buildSettings = {
				BUNDLE_LOADER = "$(TEST_HOST)";
				CODE_SIGN_STYLE = Automatic;
				DEVELOPMENT_TEAM = 84W4PHXS24;
				GENERATE_INFOPLIST_FILE = YES;
				IPHONEOS_DEPLOYMENT_TARGET = 17.0;
				PRODUCT_BUNDLE_IDENTIFIER = io.clickstick.app.Tests;
				PRODUCT_NAME = "$(TARGET_NAME)";
				STRING_CATALOG_GENERATE_SYMBOLS = NO;
				SWIFT_APPROACHABLE_CONCURRENCY = YES;
				SWIFT_EMIT_LOC_STRINGS = NO;
				SWIFT_UPCOMING_FEATURE_MEMBER_IMPORT_VISIBILITY = YES;
				SWIFT_VERSION = 5.0;
				TARGETED_DEVICE_FAMILY = "1,2";
				TEST_HOST = "$(BUILT_PRODUCTS_DIR)/ClickStick.app/$(BUNDLE_EXECUTABLE_FOLDER_PATH)/ClickStick";
			};
			name = Debug;
		};
		F32A272C2F2CD9D400766586 /* Release */ = {
			isa = XCBuildConfiguration;
			baseConfigurationReference = F3F4ACAA2F42000000158155 /* Config.xcconfig */;
			buildSettings = {
				BUNDLE_LOADER = "$(TEST_HOST)";
				CODE_SIGN_STYLE = Automatic;
				DEVELOPMENT_TEAM = 84W4PHXS24;
				GENERATE_INFOPLIST_FILE = YES;
				IPHONEOS_DEPLOYMENT_TARGET = 17.0;
				PRODUCT_BUNDLE_IDENTIFIER = io.clickstick.app.Tests;
				PRODUCT_NAME = "$(TARGET_NAME)";
				STRING_CATALOG_GENERATE_SYMBOLS = NO;
				SWIFT_APPROACHABLE_CONCURRENCY = YES;
				SWIFT_EMIT_LOC_STRINGS = NO;
				SWIFT_UPCOMING_FEATURE_MEMBER_IMPORT_VISIBILITY = YES;
				SWIFT_VERSION = 5.0;
				TARGETED_DEVICE_FAMILY = "1,2";
				TEST_HOST = "$(BUILT_PRODUCTS_DIR)/ClickStick.app/$(BUNDLE_EXECUTABLE_FOLDER_PATH)/ClickStick";
			};
			name = Release;
		};
		F3F4AC702F21670800158155 /* Debug */ = {
			isa = XCBuildConfiguration;
			baseConfigurationReference = F3F4ACAA2F42000000158155 /* Config.xcconfig */;
			buildSettings = {
				ALWAYS_SEARCH_USER_PATHS = NO;
				ASSETCATALOG_COMPILER_GENERATE_SWIFT_ASSET_SYMBOL_EXTENSIONS = YES;
				CLANG_ANALYZER_NONNULL = YES;
				CLANG_ANALYZER_NUMBER_OBJECT_CONVERSION = YES_AGGRESSIVE;
				CLANG_CXX_LANGUAGE_STANDARD = "gnu++20";
				CLANG_ENABLE_MODULES = YES;
				CLANG_ENABLE_OBJC_ARC = YES;
				CLANG_ENABLE_OBJC_WEAK = YES;
				CLANG_WARN_BLOCK_CAPTURE_AUTORELEASING = YES;
				CLANG_WARN_BOOL_CONVERSION = YES;
				CLANG_WARN_COMMA = YES;
				CLANG_WARN_CONSTANT_CONVERSION = YES;
				CLANG_WARN_DEPRECATED_OBJC_IMPLEMENTATIONS = YES;
				CLANG_WARN_DIRECT_OBJC_ISA_USAGE = YES_ERROR;
				CLANG_WARN_DOCUMENTATION_COMMENTS = YES;
				CLANG_WARN_EMPTY_BODY = YES;
				CLANG_WARN_ENUM_CONVERSION = YES;
				CLANG_WARN_INFINITE_RECURSION = YES;
				CLANG_WARN_INT_CONVERSION = YES;
				CLANG_WARN_NON_LITERAL_NULL_CONVERSION = YES;
				CLANG_WARN_OBJC_IMPLICIT_RETAIN_SELF = YES;
				CLANG_WARN_OBJC_LITERAL_CONVERSION = YES;
				CLANG_WARN_OBJC_ROOT_CLASS = YES_ERROR;
				CLANG_WARN_QUOTED_INCLUDE_IN_FRAMEWORK_HEADER = YES;
				CLANG_WARN_RANGE_LOOP_ANALYSIS = YES;
				CLANG_WARN_STRICT_PROTOTYPES = YES;
				CLANG_WARN_SUSPICIOUS_MOVE = YES;
				CLANG_WARN_UNGUARDED_AVAILABILITY = YES_AGGRESSIVE;
				CLANG_WARN_UNREACHABLE_CODE = YES;
				CLANG_WARN__DUPLICATE_METHOD_MATCH = YES;
				COPY_PHASE_STRIP = NO;
				DEBUG_INFORMATION_FORMAT = dwarf;
				DEVELOPMENT_TEAM = 84W4PHXS24;
				ENABLE_STRICT_OBJC_MSGSEND = YES;
				ENABLE_TESTABILITY = YES;
				ENABLE_USER_SCRIPT_SANDBOXING = YES;
				GCC_C_LANGUAGE_STANDARD = gnu17;
				GCC_DYNAMIC_NO_PIC = NO;
				GCC_NO_COMMON_BLOCKS = YES;
				GCC_OPTIMIZATION_LEVEL = 0;
				GCC_PREPROCESSOR_DEFINITIONS = (
					"DEBUG=1",
					"$(inherited)",
				);
				GCC_WARN_64_TO_32_BIT_CONVERSION = YES;
				GCC_WARN_ABOUT_RETURN_TYPE = YES_ERROR;
				GCC_WARN_UNDECLARED_SELECTOR = YES;
				GCC_WARN_UNINITIALIZED_AUTOS = YES_AGGRESSIVE;
				GCC_WARN_UNUSED_FUNCTION = YES;
				GCC_WARN_UNUSED_VARIABLE = YES;
				IPHONEOS_DEPLOYMENT_TARGET = 26.2;
				LOCALIZATION_PREFERS_STRING_CATALOGS = YES;
				MTL_ENABLE_DEBUG_INFO = INCLUDE_SOURCE;
				MTL_FAST_MATH = YES;
				ONLY_ACTIVE_ARCH = YES;
				SDKROOT = iphoneos;
				SWIFT_ACTIVE_COMPILATION_CONDITIONS = "DEBUG $(inherited)";
				SWIFT_EMIT_LOC_STRINGS = YES;
				SWIFT_OPTIMIZATION_LEVEL = "-Onone";
			};
			name = Debug;
		};
		F3F4AC712F21670800158155 /* Release */ = {
			isa = XCBuildConfiguration;
			baseConfigurationReference = F3F4ACAA2F42000000158155 /* Config.xcconfig */;
			buildSettings = {
				ALWAYS_SEARCH_USER_PATHS = NO;
				ASSETCATALOG_COMPILER_GENERATE_SWIFT_ASSET_SYMBOL_EXTENSIONS = YES;
				CLANG_ANALYZER_NONNULL = YES;
				CLANG_ANALYZER_NUMBER_OBJECT_CONVERSION = YES_AGGRESSIVE;
				CLANG_CXX_LANGUAGE_STANDARD = "gnu++20";
				CLANG_ENABLE_MODULES = YES;
				CLANG_ENABLE_OBJC_ARC = YES;
				CLANG_ENABLE_OBJC_WEAK = YES;
				CLANG_WARN_BLOCK_CAPTURE_AUTORELEASING = YES;
				CLANG_WARN_BOOL_CONVERSION = YES;
				CLANG_WARN_COMMA = YES;
				CLANG_WARN_CONSTANT_CONVERSION = YES;
				CLANG_WARN_DEPRECATED_OBJC_IMPLEMENTATIONS = YES;
				CLANG_WARN_DIRECT_OBJC_ISA_USAGE = YES_ERROR;
				CLANG_WARN_DOCUMENTATION_COMMENTS = YES;
				CLANG_WARN_EMPTY_BODY = YES;
				CLANG_WARN_ENUM_CONVERSION = YES;
				CLANG_WARN_INFINITE_RECURSION = YES;
				CLANG_WARN_INT_CONVERSION = YES;
				CLANG_WARN_NON_LITERAL_NULL_CONVERSION = YES;
				CLANG_WARN_OBJC_IMPLICIT_RETAIN_SELF = YES;
				CLANG_WARN_OBJC_LITERAL_CONVERSION = YES;
				CLANG_WARN_OBJC_ROOT_CLASS = YES_ERROR;
				CLANG_WARN_QUOTED_INCLUDE_IN_FRAMEWORK_HEADER = YES;
				CLANG_WARN_RANGE_LOOP_ANALYSIS = YES;
				CLANG_WARN_STRICT_PROTOTYPES = YES;
				CLANG_WARN_SUSPICIOUS_MOVE = YES;
				CLANG_WARN_UNGUARDED_AVAILABILITY = YES_AGGRESSIVE;
				CLANG_WARN_UNREACHABLE_CODE = YES;
				CLANG_WARN__DUPLICATE_METHOD_MATCH = YES;
				COPY_PHASE_STRIP = NO;
				DEBUG_INFORMATION_FORMAT = "dwarf-with-dsym";
				DEVELOPMENT_TEAM = 84W4PHXS24;
				ENABLE_NS_ASSERTIONS = NO;
				ENABLE_STRICT_OBJC_MSGSEND = YES;
				ENABLE_USER_SCRIPT_SANDBOXING = YES;
				GCC_C_LANGUAGE_STANDARD = gnu17;
				GCC_NO_COMMON_BLOCKS = YES;
				GCC_WARN_64_TO_32_BIT_CONVERSION = YES;
				GCC_WARN_ABOUT_RETURN_TYPE = YES_ERROR;
				GCC_WARN_UNDECLARED_SELECTOR = YES;
				GCC_WARN_UNINITIALIZED_AUTOS = YES_AGGRESSIVE;
				GCC_WARN_UNUSED_FUNCTION = YES;
				GCC_WARN_UNUSED_VARIABLE = YES;
				IPHONEOS_DEPLOYMENT_TARGET = 26.2;
				LOCALIZATION_PREFERS_STRING_CATALOGS = YES;
				MTL_ENABLE_DEBUG_INFO = NO;
				MTL_FAST_MATH = YES;
				SDKROOT = iphoneos;
				SWIFT_COMPILATION_MODE = wholemodule;
				SWIFT_EMIT_LOC_STRINGS = YES;
				VALIDATE_PRODUCT = YES;
			};
			name = Release;
		};
		F3F4AC732F21670800158155 /* Debug */ = {
			isa = XCBuildConfiguration;
			baseConfigurationReference = F3F4ACAA2F42000000158155 /* Config.xcconfig */;
			buildSettings = {
				ASSETCATALOG_COMPILER_APPICON_NAME = AppIcon;
				ASSETCATALOG_COMPILER_GLOBAL_ACCENT_COLOR_NAME = AccentColor;
				CODE_SIGN_ENTITLEMENTS = ClickStick/ClickStick.entitlements;
				CODE_SIGN_STYLE = Automatic;
				DEVELOPMENT_TEAM = 84W4PHXS24;
				ENABLE_PREVIEWS = YES;
				GENERATE_INFOPLIST_FILE = YES;
				INFOPLIST_FILE = ClickStick/Info.plist;
				INFOPLIST_KEY_NSBluetoothAlwaysUsageDescription = "The app uses Bluetooth to communicate with ClickStick devices.";
				INFOPLIST_KEY_NSCameraUsageDescription = "The app needs camera to scan QR codes for pairing with your ClickStick.";
				INFOPLIST_KEY_NSPhotoLibraryAddUsageDescription = "The app needs permission to scan pairing QR codes from Photo Library.";
				INFOPLIST_KEY_UIApplicationSceneManifest_Generation = YES;
				INFOPLIST_KEY_UIApplicationSupportsIndirectInputEvents = YES;
				INFOPLIST_KEY_UILaunchScreen_Generation = YES;
				INFOPLIST_KEY_UISupportedInterfaceOrientations_iPad = "UIInterfaceOrientationPortrait UIInterfaceOrientationPortraitUpsideDown UIInterfaceOrientationLandscapeLeft UIInterfaceOrientationLandscapeRight";
				INFOPLIST_KEY_UISupportedInterfaceOrientations_iPhone = "UIInterfaceOrientationPortrait UIInterfaceOrientationLandscapeLeft UIInterfaceOrientationLandscapeRight";
				IPHONEOS_DEPLOYMENT_TARGET = 17.0;
				LD_RUNPATH_SEARCH_PATHS = (
					"$(inherited)",
					"@executable_path/Frameworks",
				);
				PRODUCT_BUNDLE_IDENTIFIER = io.clickstick.app;
				PRODUCT_NAME = "$(TARGET_NAME)";
				STRING_CATALOG_GENERATE_SYMBOLS = YES;
				SUPPORTED_PLATFORMS = "iphoneos iphonesimulator";
				SUPPORTS_MACCATALYST = YES;
				SUPPORTS_MAC_DESIGNED_FOR_IPHONE_IPAD = YES;
				SUPPORTS_XR_DESIGNED_FOR_IPHONE_IPAD = YES;
				SWIFT_APPROACHABLE_CONCURRENCY = YES;
				SWIFT_DEFAULT_ACTOR_ISOLATION = MainActor;
				SWIFT_EMIT_LOC_STRINGS = YES;
				SWIFT_UPCOMING_FEATURE_MEMBER_IMPORT_VISIBILITY = YES;
				SWIFT_VERSION = 5.0;
				TARGETED_DEVICE_FAMILY = "1,2";
			};
			name = Debug;
		};
		F3F4AC742F21670800158155 /* Release */ = {
			isa = XCBuildConfiguration;
			baseConfigurationReference = F3F4ACAA2F42000000158155 /* Config.xcconfig */;
			buildSettings = {
				ASSETCATALOG_COMPILER_APPICON_NAME = AppIcon;
				ASSETCATALOG_COMPILER_GLOBAL_ACCENT_COLOR_NAME = AccentColor;
				CODE_SIGN_ENTITLEMENTS = ClickStick/ClickStick.entitlements;
				CODE_SIGN_STYLE = Automatic;
				DEVELOPMENT_TEAM = 84W4PHXS24;
				ENABLE_PREVIEWS = YES;
				GENERATE_INFOPLIST_FILE = YES;
				INFOPLIST_FILE = ClickStick/Info.plist;
				INFOPLIST_KEY_NSBluetoothAlwaysUsageDescription = "The app uses Bluetooth to communicate with ClickStick devices.";
				INFOPLIST_KEY_NSCameraUsageDescription = "The app needs camera to scan QR codes for pairing with your ClickStick.";
				INFOPLIST_KEY_NSPhotoLibraryAddUsageDescription = "The app needs permission to scan pairing QR codes from Photo Library.";
				INFOPLIST_KEY_UIApplicationSceneManifest_Generation = YES;
				INFOPLIST_KEY_UIApplicationSupportsIndirectInputEvents = YES;
				INFOPLIST_KEY_UILaunchScreen_Generation = YES;
				INFOPLIST_KEY_UISupportedInterfaceOrientations_iPad = "UIInterfaceOrientationPortrait UIInterfaceOrientationPortraitUpsideDown UIInterfaceOrientationLandscapeLeft UIInterfaceOrientationLandscapeRight";
				INFOPLIST_KEY_UISupportedInterfaceOrientations_iPhone = "UIInterfaceOrientationPortrait UIInterfaceOrientationLandscapeLeft UIInterfaceOrientationLandscapeRight";
				IPHONEOS_DEPLOYMENT_TARGET = 17.0;
				LD_RUNPATH_SEARCH_PATHS = (
					"$(inherited)",
					"@executable_path/Frameworks",
				);
				PRODUCT_BUNDLE_IDENTIFIER = io.clickstick.app;
				PRODUCT_NAME = "$(TARGET_NAME)";
				STRING_CATALOG_GENERATE_SYMBOLS = YES;
				SUPPORTED_PLATFORMS = "iphoneos iphonesimulator";
				SUPPORTS_MACCATALYST = YES;
				SUPPORTS_MAC_DESIGNED_FOR_IPHONE_IPAD = YES;
				SUPPORTS_XR_DESIGNED_FOR_IPHONE_IPAD = YES;
				SWIFT_APPROACHABLE_CONCURRENCY = YES;
				SWIFT_DEFAULT_ACTOR_ISOLATION = MainActor;
				SWIFT_EMIT_LOC_STRINGS = YES;
				SWIFT_UPCOMING_FEATURE_MEMBER_IMPORT_VISIBILITY = YES;
				SWIFT_VERSION = 5.0;
				TARGETED_DEVICE_FAMILY = "1,2";
			};
			name = Release;
		};
/* End XCBuildConfiguration section */

/* Begin XCConfigurationList section */
		7571A5CE2F359CD500CD7E3F /* Build configuration list for PBXNativeTarget "ShareExtension" */ = {
			isa = XCConfigurationList;
			buildConfigurations = (
				7571A5CF2F359CD500CD7E3F /* Debug */,
				7571A5D02F359CD500CD7E3F /* Release */,
			);
			defaultConfigurationIsVisible = 0;
			defaultConfigurationName = Release;
		};
		F32A272D2F2CD9D400766586 /* Build configuration list for PBXNativeTarget "Tests" */ = {
			isa = XCConfigurationList;
			buildConfigurations = (
				F32A272B2F2CD9D400766586 /* Debug */,
				F32A272C2F2CD9D400766586 /* Release */,
			);
			defaultConfigurationIsVisible = 0;
			defaultConfigurationName = Release;
		};
		F3F4AC622F21670600158155 /* Build configuration list for PBXProject "ClickStick" */ = {
			isa = XCConfigurationList;
			buildConfigurations = (
				F3F4AC702F21670800158155 /* Debug */,
				F3F4AC712F21670800158155 /* Release */,
			);
			defaultConfigurationIsVisible = 0;
			defaultConfigurationName = Release;
		};
		F3F4AC722F21670800158155 /* Build configuration list for PBXNativeTarget "ClickStick" */ = {
			isa = XCConfigurationList;
			buildConfigurations = (
				F3F4AC732F21670800158155 /* Debug */,
				F3F4AC742F21670800158155 /* Release */,
			);
			defaultConfigurationIsVisible = 0;
			defaultConfigurationName = Release;
		};
/* End XCConfigurationList section */

/* Begin XCLocalSwiftPackageReference section */
		F361F8492F3D1E0400FFE720 /* XCLocalSwiftPackageReference "DesignSystem" */ = {
			isa = XCLocalSwiftPackageReference;
			relativePath = DesignSystem;
		};
		F3DBABB02F238D3A009D1CC2 /* XCLocalSwiftPackageReference "ClickStickKit" */ = {
			isa = XCLocalSwiftPackageReference;
			relativePath = ClickStickKit;
		};
/* End XCLocalSwiftPackageReference section */

/* Begin XCSwiftPackageProductDependency section */
		F361F8452F3D1CBD00FFE720 /* DesignSystem */ = {
			isa = XCSwiftPackageProductDependency;
			package = F361F8492F3D1E0400FFE720 /* XCLocalSwiftPackageReference "DesignSystem" */;
			productName = DesignSystem;
		};
		F361F8472F3D1CC200FFE720 /* DesignSystem */ = {
			isa = XCSwiftPackageProductDependency;
			package = F361F8492F3D1E0400FFE720 /* XCLocalSwiftPackageReference "DesignSystem" */;
			productName = DesignSystem;
		};
		F3DBABAE2F238C8F009D1CC2 /* ClickStickKit */ = {
			isa = XCSwiftPackageProductDependency;
			package = F3DBABB02F238D3A009D1CC2 /* XCLocalSwiftPackageReference "ClickStickKit" */;
			productName = ClickStickKit;
		};
		F3EA2B8B2F3B1BCB001070A5 /* ClickStickKit */ = {
			isa = XCSwiftPackageProductDependency;
			package = F3DBABB02F238D3A009D1CC2 /* XCLocalSwiftPackageReference "ClickStickKit" */;
			productName = ClickStickKit;
		};
/* End XCSwiftPackageProductDependency section */
	};
	rootObject = F3F4AC5F2F21670600158155 /* Project object */;
}
