{
  "originHash" : "7ea38a674dbfad3dac32a5eb73413cc9fc57571c55784abd52c00f8eb795bb73",
  "pins" : [
    {
      "identity" : "lottie-spm",
      "kind" : "remoteSourceControl",
      "location" : "https://github.com/airbnb/lottie-spm.git",
      "state" : {
        "revision" : "0aff16288f8dc1e3dab35cbf5cf45979673fd3df",
        "version" : "4.6.1"
      }
    }
  ],
  "version" : 3
}
